
Microsoft Visual Studio Solution File, Format Version 12.00
# Visual Studio Version 17
VisualStudioVersion = 17.8.34330.188
MinimumVisualStudioVersion = 10.0.40219.1
Project("{FAE04EC0-301F-11D3-BF4B-00C04F79EFBC}") = "xaml_write_datatrigger", "xaml_write\xaml_write_datatrigger.csproj", "{709624D2-9113-433B-B58A-50C88F787632}"
EndProject
Global
	GlobalSection(SolutionConfigurationPlatforms) = preSolution
		Debug|Any CPU = Debug|Any CPU
		Release|Any CPU = Release|Any CPU
	EndGlobalSection
	GlobalSection(ProjectConfigurationPlatforms) = postSolution
		{709624D2-9113-433B-B58A-50C88F787632}.Debug|Any CPU.ActiveCfg = Debug|Any CPU
		{709624D2-9113-433B-B58A-50C88F787632}.Debug|Any CPU.Build.0 = Debug|Any CPU
		{709624D2-9113-433B-B58A-50C88F787632}.Release|Any CPU.ActiveCfg = Release|Any CPU
		{709624D2-9113-433B-B58A-50C88F787632}.Release|Any CPU.Build.0 = Release|Any CPU
	EndGlobalSection
	GlobalSection(SolutionProperties) = preSolution
		HideSolutionNode = FALSE
	EndGlobalSection
	GlobalSection(ExtensibilityGlobals) = postSolution
		SolutionGuid = {E15AD6B2-10B5-4502-8DEB-DE2B5F385E84}
	EndGlobalSection
EndGlobal
